// !$*UTF8*$!
{
	archiveVersion = 1;
	classes = {
	};
	objectVersion = 46;
	objects = {

/* Begin PBXBuildFile section */
		1A14D7A719E40FB800A8318A /* MscSCEPResponsePrivate.h in CopyFiles */ = {isa = PBXBuildFile; fileRef = 588AFC9B18ABA22700647FDD /* MscSCEPResponsePrivate.h */; };
		1A14D7A919E40FBE00A8318A /* MscSCEPTransaction.h in CopyFiles */ = {isa = PBXBuildFile; fileRef = 5831C58D18993B53000B873C /* MscSCEPTransaction.h */; };
		1AB1472E1A0822C10001EBB9 /* libMscHTTPSURLConnection.a in Frameworks */ = {isa = PBXBuildFile; fileRef = 1AB147231A0820970001EBB9 /* libMscHTTPSURLConnection.a */; };
		5816CFA618A12B4000107FD3 /* MscSCEPMessageUtils.m in Sources */ = {isa = PBXBuildFile; fileRef = 5816CFA518A12B4000107FD3 /* MscSCEPMessageUtils.m */; };
		5831C58C18993B19000B873C /* MscSCEPResponse.m in Sources */ = {isa = PBXBuildFile; fileRef = 5831C58B18993B19000B873C /* MscSCEPResponse.m */; };
		5831C58F18993B53000B873C /* MscSCEPTransaction.m in Sources */ = {isa = PBXBuildFile; fileRef = 5831C58E18993B53000B873C /* MscSCEPTransaction.m */; };
		58618EB118A0D823003377DA /* MscSCEPResponse.h in CopyFiles */ = {isa = PBXBuildFile; fileRef = 5831C58A18993B18000B873C /* MscSCEPResponse.h */; };
		586DD4041994C79200BDBB6A /* MscSCEPError.m in Sources */ = {isa = PBXBuildFile; fileRef = 586DD4031994C79200BDBB6A /* MscSCEPError.m */; };
		5871EE65189108DD00098F95 /* MscSCEPLocalException.m in Sources */ = {isa = PBXBuildFile; fileRef = 5871EE64189108DD00098F95 /* MscSCEPLocalException.m */; };
		58744CB6199505D900D8AB8C /* MscSCEPError.h in CopyFiles */ = {isa = PBXBuildFile; fileRef = 586DD4021994C79200BDBB6A /* MscSCEPError.h */; };
		5881121B1883E2A700D59AEF /* Foundation.framework in Frameworks */ = {isa = PBXBuildFile; fileRef = 5881121A1883E2A700D59AEF /* Foundation.framework */; };
		588112201883E2A700D59AEF /* MscSCEP.h in CopyFiles */ = {isa = PBXBuildFile; fileRef = 5881121F1883E2A700D59AEF /* MscSCEP.h */; };
		588112221883E2A700D59AEF /* MscSCEP.m in Sources */ = {isa = PBXBuildFile; fileRef = 588112211883E2A700D59AEF /* MscSCEP.m */; };
		58AC753A19DD29FA0031F7C8 /* NSString+MscRandomExtension.m in Sources */ = {isa = PBXBuildFile; fileRef = 58AC753919DD29FA0031F7C8 /* NSString+MscRandomExtension.m */; };
		58AC753B19DD2A6B0031F7C8 /* NSString+MscRandomExtension.h in CopyFiles */ = {isa = PBXBuildFile; fileRef = 58AC753819DD29FA0031F7C8 /* NSString+MscRandomExtension.h */; };
		58AC753E19DD2B150031F7C8 /* NSString+MscURLEncodeExtension.m in Sources */ = {isa = PBXBuildFile; fileRef = 58AC753D19DD2B150031F7C8 /* NSString+MscURLEncodeExtension.m */; };
		58F3992919599B4F00D706BB /* Foundation.framework in Frameworks */ = {isa = PBXBuildFile; fileRef = 5881121A1883E2A700D59AEF /* Foundation.framework */; };
		58F3993119599B4F00D706BB /* InfoPlist.strings in Resources */ = {isa = PBXBuildFile; fileRef = 58F3992F19599B4F00D706BB /* InfoPlist.strings */; };
		58F3993319599B4F00D706BB /* MscSCEPTests.m in Sources */ = {isa = PBXBuildFile; fileRef = 58F3993219599B4F00D706BB /* MscSCEPTests.m */; };
		58FED02519A369D7006CDDC9 /* libMscSCEP.a in Frameworks */ = {isa = PBXBuildFile; fileRef = 588112171883E2A700D59AEF /* libMscSCEP.a */; };
/* End PBXBuildFile section */

/* Begin PBXContainerItemProxy section */
		1AB147221A0820970001EBB9 /* PBXContainerItemProxy */ = {
			isa = PBXContainerItemProxy;
			containerPortal = 1AB1471E1A0820970001EBB9 /* MscHTTPSURLConnection.xcodeproj */;
			proxyType = 2;
			remoteGlobalIDString = 1A923AB419FE3CCD00169C84;
			remoteInfo = MscHTTPSURLConnection;
		};
		6D06964F1A97584D00E0FA7F /* PBXContainerItemProxy */ = {
			isa = PBXContainerItemProxy;
			containerPortal = 1AB1471E1A0820970001EBB9 /* MscHTTPSURLConnection.xcodeproj */;
			proxyType = 1;
			remoteGlobalIDString = 1A923AB319FE3CCD00169C84;
			remoteInfo = MscHTTPSURLConnection;
		};
/* End PBXContainerItemProxy section */

/* Begin PBXCopyFilesBuildPhase section */
		588112151883E2A700D59AEF /* CopyFiles */ = {
			isa = PBXCopyFilesBuildPhase;
			buildActionMask = 2147483647;
			dstPath = "include/${PRODUCT_NAME}";
			dstSubfolderSpec = 16;
			files = (
				1A14D7A919E40FBE00A8318A /* MscSCEPTransaction.h in CopyFiles */,
				1A14D7A719E40FB800A8318A /* MscSCEPResponsePrivate.h in CopyFiles */,
				58AC753B19DD2A6B0031F7C8 /* NSString+MscRandomExtension.h in CopyFiles */,
				58744CB6199505D900D8AB8C /* MscSCEPError.h in CopyFiles */,
				58618EB118A0D823003377DA /* MscSCEPResponse.h in CopyFiles */,
				588112201883E2A700D59AEF /* MscSCEP.h in CopyFiles */,
			);
			runOnlyForDeploymentPostprocessing = 0;
		};
/* End PBXCopyFilesBuildPhase section */

/* Begin PBXFileReference section */
		1AB1471E1A0820970001EBB9 /* MscHTTPSURLConnection.xcodeproj */ = {isa = PBXFileReference; lastKnownFileType = "wrapper.pb-project"; name = MscHTTPSURLConnection.xcodeproj; path = ../MscHTTPSURLConnection/MscHTTPSURLConnection.xcodeproj; sourceTree = "<group>"; };
		1ABCEC1A1A06DCAE008024E0 /* libMscHTTPSURLConnection.a */ = {isa = PBXFileReference; lastKnownFileType = archive.ar; name = libMscHTTPSURLConnection.a; path = "../MscHTTPSURLConnection/build/Release-iphoneos/libMscHTTPSURLConnection.a"; sourceTree = "<group>"; };
		5816CFA418A12B4000107FD3 /* MscSCEPMessageUtils.h */ = {isa = PBXFileReference; fileEncoding = 4; lastKnownFileType = sourcecode.c.h; path = MscSCEPMessageUtils.h; sourceTree = "<group>"; };
		5816CFA518A12B4000107FD3 /* MscSCEPMessageUtils.m */ = {isa = PBXFileReference; fileEncoding = 4; lastKnownFileType = sourcecode.c.objc; path = MscSCEPMessageUtils.m; sourceTree = "<group>"; };
		5831C58A18993B18000B873C /* MscSCEPResponse.h */ = {isa = PBXFileReference; fileEncoding = 4; lastKnownFileType = sourcecode.c.h; path = MscSCEPResponse.h; sourceTree = "<group>"; };
		5831C58B18993B19000B873C /* MscSCEPResponse.m */ = {isa = PBXFileReference; fileEncoding = 4; lastKnownFileType = sourcecode.c.objc; path = MscSCEPResponse.m; sourceTree = "<group>"; };
		5831C58D18993B53000B873C /* MscSCEPTransaction.h */ = {isa = PBXFileReference; fileEncoding = 4; lastKnownFileType = sourcecode.c.h; path = MscSCEPTransaction.h; sourceTree = "<group>"; };
		5831C58E18993B53000B873C /* MscSCEPTransaction.m */ = {isa = PBXFileReference; fileEncoding = 4; lastKnownFileType = sourcecode.c.objc; path = MscSCEPTransaction.m; sourceTree = "<group>"; };
		586DD4021994C79200BDBB6A /* MscSCEPError.h */ = {isa = PBXFileReference; fileEncoding = 4; lastKnownFileType = sourcecode.c.h; path = MscSCEPError.h; sourceTree = "<group>"; };
		586DD4031994C79200BDBB6A /* MscSCEPError.m */ = {isa = PBXFileReference; fileEncoding = 4; lastKnownFileType = sourcecode.c.objc; path = MscSCEPError.m; sourceTree = "<group>"; };
		5871EE63189108DD00098F95 /* MscSCEPLocalException.h */ = {isa = PBXFileReference; fileEncoding = 4; lastKnownFileType = sourcecode.c.h; path = MscSCEPLocalException.h; sourceTree = "<group>"; };
		5871EE64189108DD00098F95 /* MscSCEPLocalException.m */ = {isa = PBXFileReference; fileEncoding = 4; lastKnownFileType = sourcecode.c.objc; path = MscSCEPLocalException.m; sourceTree = "<group>"; };
		588112171883E2A700D59AEF /* libMscSCEP.a */ = {isa = PBXFileReference; explicitFileType = archive.ar; includeInIndex = 0; path = libMscSCEP.a; sourceTree = BUILT_PRODUCTS_DIR; };
		5881121A1883E2A700D59AEF /* Foundation.framework */ = {isa = PBXFileReference; lastKnownFileType = wrapper.framework; name = Foundation.framework; path = System/Library/Frameworks/Foundation.framework; sourceTree = SDKROOT; };
		5881121E1883E2A700D59AEF /* MscSCEP-Prefix.pch */ = {isa = PBXFileReference; lastKnownFileType = sourcecode.c.h; path = "MscSCEP-Prefix.pch"; sourceTree = "<group>"; };
		5881121F1883E2A700D59AEF /* MscSCEP.h */ = {isa = PBXFileReference; lastKnownFileType = sourcecode.c.h; path = MscSCEP.h; sourceTree = "<group>"; };
		588112211883E2A700D59AEF /* MscSCEP.m */ = {isa = PBXFileReference; lastKnownFileType = sourcecode.c.objc; path = MscSCEP.m; sourceTree = "<group>"; };
		588AFC9B18ABA22700647FDD /* MscSCEPResponsePrivate.h */ = {isa = PBXFileReference; fileEncoding = 4; lastKnownFileType = sourcecode.c.h; path = MscSCEPResponsePrivate.h; sourceTree = "<group>"; };
		58AC753819DD29FA0031F7C8 /* NSString+MscRandomExtension.h */ = {isa = PBXFileReference; fileEncoding = 4; lastKnownFileType = sourcecode.c.h; path = "NSString+MscRandomExtension.h"; sourceTree = "<group>"; };
		58AC753919DD29FA0031F7C8 /* NSString+MscRandomExtension.m */ = {isa = PBXFileReference; fileEncoding = 4; lastKnownFileType = sourcecode.c.objc; path = "NSString+MscRandomExtension.m"; sourceTree = "<group>"; };
		58AC753C19DD2B150031F7C8 /* NSString+MscURLEncodeExtension.h */ = {isa = PBXFileReference; fileEncoding = 4; lastKnownFileType = sourcecode.c.h; path = "NSString+MscURLEncodeExtension.h"; sourceTree = "<group>"; };
		58AC753D19DD2B150031F7C8 /* NSString+MscURLEncodeExtension.m */ = {isa = PBXFileReference; fileEncoding = 4; lastKnownFileType = sourcecode.c.objc; path = "NSString+MscURLEncodeExtension.m"; sourceTree = "<group>"; };
		58F3992619599B4F00D706BB /* MscSCEPTests.xctest */ = {isa = PBXFileReference; explicitFileType = wrapper.cfbundle; includeInIndex = 0; path = MscSCEPTests.xctest; sourceTree = BUILT_PRODUCTS_DIR; };
		58F3992E19599B4F00D706BB /* MscSCEPTests-Info.plist */ = {isa = PBXFileReference; lastKnownFileType = text.plist.xml; path = "MscSCEPTests-Info.plist"; sourceTree = "<group>"; };
		58F3993019599B4F00D706BB /* en */ = {isa = PBXFileReference; lastKnownFileType = text.plist.strings; name = en; path = en.lproj/InfoPlist.strings; sourceTree = "<group>"; };
		58F3993219599B4F00D706BB /* MscSCEPTests.m */ = {isa = PBXFileReference; lastKnownFileType = sourcecode.c.objc; path = MscSCEPTests.m; sourceTree = "<group>"; };
		58F3993419599B4F00D706BB /* MscSCEPTests-Prefix.pch */ = {isa = PBXFileReference; lastKnownFileType = sourcecode.c.h; path = "MscSCEPTests-Prefix.pch"; sourceTree = "<group>"; };
/* End PBXFileReference section */

/* Begin PBXFrameworksBuildPhase section */
		588112141883E2A700D59AEF /* Frameworks */ = {
			isa = PBXFrameworksBuildPhase;
			buildActionMask = 2147483647;
			files = (
				1AB1472E1A0822C10001EBB9 /* libMscHTTPSURLConnection.a in Frameworks */,
				5881121B1883E2A700D59AEF /* Foundation.framework in Frameworks */,
			);
			runOnlyForDeploymentPostprocessing = 0;
		};
		58F3992319599B4F00D706BB /* Frameworks */ = {
			isa = PBXFrameworksBuildPhase;
			buildActionMask = 2147483647;
			files = (
				58FED02519A369D7006CDDC9 /* libMscSCEP.a in Frameworks */,
				58F3992919599B4F00D706BB /* Foundation.framework in Frameworks */,
			);
			runOnlyForDeploymentPostprocessing = 0;
		};
/* End PBXFrameworksBuildPhase section */

/* Begin PBXGroup section */
		1AB1471F1A0820970001EBB9 /* Products */ = {
			isa = PBXGroup;
			children = (
				1AB147231A0820970001EBB9 /* libMscHTTPSURLConnection.a */,
			);
			name = Products;
			sourceTree = "<group>";
		};
		5881120E1883E2A700D59AEF = {
			isa = PBXGroup;
			children = (
				1AB1471E1A0820970001EBB9 /* MscHTTPSURLConnection.xcodeproj */,
				5881121C1883E2A700D59AEF /* MscSCEP */,
				58F3992C19599B4F00D706BB /* MscSCEPTests */,
				588112191883E2A700D59AEF /* Frameworks */,
				588112181883E2A700D59AEF /* Products */,
			);
			sourceTree = "<group>";
		};
		588112181883E2A700D59AEF /* Products */ = {
			isa = PBXGroup;
			children = (
				588112171883E2A700D59AEF /* libMscSCEP.a */,
				58F3992619599B4F00D706BB /* MscSCEPTests.xctest */,
			);
			name = Products;
			sourceTree = "<group>";
		};
		588112191883E2A700D59AEF /* Frameworks */ = {
			isa = PBXGroup;
			children = (
				1ABCEC1A1A06DCAE008024E0 /* libMscHTTPSURLConnection.a */,
				5881121A1883E2A700D59AEF /* Foundation.framework */,
			);
			name = Frameworks;
			sourceTree = "<group>";
		};
		5881121C1883E2A700D59AEF /* MscSCEP */ = {
			isa = PBXGroup;
			children = (
				58AC753619DD29BF0031F7C8 /* Extensions */,
				588AFCA318ABA47900647FDD /* Core */,
				588AFCA218ABA46300647FDD /* Utils */,
				5881121D1883E2A700D59AEF /* Supporting Files */,
				586DD4021994C79200BDBB6A /* MscSCEPError.h */,
				586DD4031994C79200BDBB6A /* MscSCEPError.m */,
			);
			name = MscSCEP;
			path = src;
			sourceTree = "<group>";
		};
		5881121D1883E2A700D59AEF /* Supporting Files */ = {
			isa = PBXGroup;
			children = (
				5881121E1883E2A700D59AEF /* MscSCEP-Prefix.pch */,
			);
			name = "Supporting Files";
			sourceTree = "<group>";
		};
		588AFCA218ABA46300647FDD /* Utils */ = {
			isa = PBXGroup;
			children = (
				5816CFA418A12B4000107FD3 /* MscSCEPMessageUtils.h */,
				5816CFA518A12B4000107FD3 /* MscSCEPMessageUtils.m */,
			);
			name = Utils;
			sourceTree = "<group>";
		};
		588AFCA318ABA47900647FDD /* Core */ = {
			isa = PBXGroup;
			children = (
				5881121F1883E2A700D59AEF /* MscSCEP.h */,
				588112211883E2A700D59AEF /* MscSCEP.m */,
				5871EE63189108DD00098F95 /* MscSCEPLocalException.h */,
				5871EE64189108DD00098F95 /* MscSCEPLocalException.m */,
				5831C58A18993B18000B873C /* MscSCEPResponse.h */,
				588AFC9B18ABA22700647FDD /* MscSCEPResponsePrivate.h */,
				5831C58B18993B19000B873C /* MscSCEPResponse.m */,
				5831C58D18993B53000B873C /* MscSCEPTransaction.h */,
				5831C58E18993B53000B873C /* MscSCEPTransaction.m */,
			);
			name = Core;
			sourceTree = "<group>";
		};
		58AC753619DD29BF0031F7C8 /* Extensions */ = {
			isa = PBXGroup;
			children = (
				58AC753819DD29FA0031F7C8 /* NSString+MscRandomExtension.h */,
				58AC753919DD29FA0031F7C8 /* NSString+MscRandomExtension.m */,
				58AC753C19DD2B150031F7C8 /* NSString+MscURLEncodeExtension.h */,
				58AC753D19DD2B150031F7C8 /* NSString+MscURLEncodeExtension.m */,
			);
			name = Extensions;
			sourceTree = "<group>";
		};
		58F3992C19599B4F00D706BB /* MscSCEPTests */ = {
			isa = PBXGroup;
			children = (
				58F3993219599B4F00D706BB /* MscSCEPTests.m */,
				58F3992D19599B4F00D706BB /* Supporting Files */,
			);
			path = MscSCEPTests;
			sourceTree = "<group>";
		};
		58F3992D19599B4F00D706BB /* Supporting Files */ = {
			isa = PBXGroup;
			children = (
				58F3992E19599B4F00D706BB /* MscSCEPTests-Info.plist */,
				58F3992F19599B4F00D706BB /* InfoPlist.strings */,
				58F3993419599B4F00D706BB /* MscSCEPTests-Prefix.pch */,
			);
			name = "Supporting Files";
			sourceTree = "<group>";
		};
/* End PBXGroup section */

/* Begin PBXNativeTarget section */
		588112161883E2A700D59AEF /* MscSCEP */ = {
			isa = PBXNativeTarget;
			buildConfigurationList = 5881123A1883E2A700D59AEF /* Build configuration list for PBXNativeTarget "MscSCEP" */;
			buildPhases = (
				588112131883E2A700D59AEF /* Sources */,
				588112141883E2A700D59AEF /* Frameworks */,
				588112151883E2A700D59AEF /* CopyFiles */,
			);
			buildRules = (
			);
			dependencies = (
				6D0696501A97584D00E0FA7F /* PBXTargetDependency */,
			);
			name = MscSCEP;
			productName = libMscSCEP;
			productReference = 588112171883E2A700D59AEF /* libMscSCEP.a */;
			productType = "com.apple.product-type.library.static";
		};
		58F3992519599B4F00D706BB /* MscSCEPTests */ = {
			isa = PBXNativeTarget;
			buildConfigurationList = 58F3993719599B4F00D706BB /* Build configuration list for PBXNativeTarget "MscSCEPTests" */;
			buildPhases = (
				58F3992219599B4F00D706BB /* Sources */,
				58F3992319599B4F00D706BB /* Frameworks */,
				58F3992419599B4F00D706BB /* Resources */,
			);
			buildRules = (
			);
			dependencies = (
			);
			name = MscSCEPTests;
			productName = MscSCEPTests;
			productReference = 58F3992619599B4F00D706BB /* MscSCEPTests.xctest */;
			productType = "com.apple.product-type.bundle.unit-test";
		};
/* End PBXNativeTarget section */

/* Begin PBXProject section */
		5881120F1883E2A700D59AEF /* Project object */ = {
			isa = PBXProject;
			attributes = {
				LastUpgradeCheck = 0500;
				ORGANIZATIONNAME = Microsec;
				TargetAttributes = {
					58F3992519599B4F00D706BB = {
						TestTargetID = 588112161883E2A700D59AEF;
					};
				};
			};
			buildConfigurationList = 588112121883E2A700D59AEF /* Build configuration list for PBXProject "MscSCEP" */;
			compatibilityVersion = "Xcode 3.2";
			developmentRegion = English;
			hasScannedForEncodings = 0;
			knownRegions = (
				en,
			);
			mainGroup = 5881120E1883E2A700D59AEF;
			productRefGroup = 588112181883E2A700D59AEF /* Products */;
			projectDirPath = "";
			projectReferences = (
				{
					ProductGroup = 1AB1471F1A0820970001EBB9 /* Products */;
					ProjectRef = 1AB1471E1A0820970001EBB9 /* MscHTTPSURLConnection.xcodeproj */;
				},
			);
			projectRoot = "";
			targets = (
				588112161883E2A700D59AEF /* MscSCEP */,
				58F3992519599B4F00D706BB /* MscSCEPTests */,
			);
		};
/* End PBXProject section */

/* Begin PBXReferenceProxy section */
		1AB147231A0820970001EBB9 /* libMscHTTPSURLConnection.a */ = {
			isa = PBXReferenceProxy;
			fileType = archive.ar;
			path = libMscHTTPSURLConnection.a;
			remoteRef = 1AB147221A0820970001EBB9 /* PBXContainerItemProxy */;
			sourceTree = BUILT_PRODUCTS_DIR;
		};
/* End PBXReferenceProxy section */

/* Begin PBXResourcesBuildPhase section */
		58F3992419599B4F00D706BB /* Resources */ = {
			isa = PBXResourcesBuildPhase;
			buildActionMask = 2147483647;
			files = (
				58F3993119599B4F00D706BB /* InfoPlist.strings in Resources */,
			);
			runOnlyForDeploymentPostprocessing = 0;
		};
/* End PBXResourcesBuildPhase section */

/* Begin PBXSourcesBuildPhase section */
		588112131883E2A700D59AEF /* Sources */ = {
			isa = PBXSourcesBuildPhase;
			buildActionMask = 2147483647;
			files = (
				5871EE65189108DD00098F95 /* MscSCEPLocalException.m in Sources */,
				5831C58F18993B53000B873C /* MscSCEPTransaction.m in Sources */,
				5816CFA618A12B4000107FD3 /* MscSCEPMessageUtils.m in Sources */,
				58AC753A19DD29FA0031F7C8 /* NSString+MscRandomExtension.m in Sources */,
				58AC753E19DD2B150031F7C8 /* NSString+MscURLEncodeExtension.m in Sources */,
				588112221883E2A700D59AEF /* MscSCEP.m in Sources */,
				5831C58C18993B19000B873C /* MscSCEPResponse.m in Sources */,
				586DD4041994C79200BDBB6A /* MscSCEPError.m in Sources */,
			);
			runOnlyForDeploymentPostprocessing = 0;
		};
		58F3992219599B4F00D706BB /* Sources */ = {
			isa = PBXSourcesBuildPhase;
			buildActionMask = 2147483647;
			files = (
				58F3993319599B4F00D706BB /* MscSCEPTests.m in Sources */,
			);
			runOnlyForDeploymentPostprocessing = 0;
		};
/* End PBXSourcesBuildPhase section */

/* Begin PBXTargetDependency section */
		6D0696501A97584D00E0FA7F /* PBXTargetDependency */ = {
			isa = PBXTargetDependency;
			name = MscHTTPSURLConnection;
			targetProxy = 6D06964F1A97584D00E0FA7F /* PBXContainerItemProxy */;
		};
/* End PBXTargetDependency section */

/* Begin PBXVariantGroup section */
		58F3992F19599B4F00D706BB /* InfoPlist.strings */ = {
			isa = PBXVariantGroup;
			children = (
				58F3993019599B4F00D706BB /* en */,
			);
			name = InfoPlist.strings;
			sourceTree = "<group>";
		};
/* End PBXVariantGroup section */

/* Begin XCBuildConfiguration section */
		588112381883E2A700D59AEF /* Debug */ = {
			isa = XCBuildConfiguration;
			buildSettings = {
				ALWAYS_SEARCH_USER_PATHS = YES;
				CLANG_CXX_LANGUAGE_STANDARD = "gnu++0x";
				CLANG_CXX_LIBRARY = "libc++";
				CLANG_ENABLE_MODULES = YES;
				CLANG_ENABLE_OBJC_ARC = YES;
				CLANG_WARN_BOOL_CONVERSION = YES;
				CLANG_WARN_CONSTANT_CONVERSION = YES;
				CLANG_WARN_DIRECT_OBJC_ISA_USAGE = YES_ERROR;
				CLANG_WARN_EMPTY_BODY = YES;
				CLANG_WARN_ENUM_CONVERSION = YES;
				CLANG_WARN_INT_CONVERSION = YES;
				CLANG_WARN_OBJC_ROOT_CLASS = YES_ERROR;
				CLANG_WARN__DUPLICATE_METHOD_MATCH = YES;
				"CODE_SIGN_IDENTITY[sdk=iphoneos*]" = "iPhone Developer";
				COPY_PHASE_STRIP = NO;
				GCC_C_LANGUAGE_STANDARD = gnu99;
				GCC_DYNAMIC_NO_PIC = NO;
				GCC_OPTIMIZATION_LEVEL = 0;
				GCC_PREPROCESSOR_DEFINITIONS = (
					"DEBUG=1",
					"$(inherited)",
				);
				GCC_SYMBOLS_PRIVATE_EXTERN = NO;
				GCC_WARN_64_TO_32_BIT_CONVERSION = YES;
				GCC_WARN_ABOUT_RETURN_TYPE = YES_ERROR;
				GCC_WARN_UNDECLARED_SELECTOR = YES;
				GCC_WARN_UNINITIALIZED_AUTOS = YES;
				GCC_WARN_UNUSED_FUNCTION = YES;
				GCC_WARN_UNUSED_VARIABLE = YES;
				IPHONEOS_DEPLOYMENT_TARGET = 5.0;
				LIBRARY_SEARCH_PATHS = "";
				ONLY_ACTIVE_ARCH = YES;
				SDKROOT = iphoneos;
				USER_HEADER_SEARCH_PATHS = "../MscX509Common/include ../MscX509Common/libraries/openssl/include";
			};
			name = Debug;
		};
		588112391883E2A700D59AEF /* Release */ = {
			isa = XCBuildConfiguration;
			buildSettings = {
				ALWAYS_SEARCH_USER_PATHS = YES;
				CLANG_CXX_LANGUAGE_STANDARD = "gnu++0x";
				CLANG_CXX_LIBRARY = "libc++";
				CLANG_ENABLE_MODULES = YES;
				CLANG_ENABLE_OBJC_ARC = YES;
				CLANG_WARN_BOOL_CONVERSION = YES;
				CLANG_WARN_CONSTANT_CONVERSION = YES;
				CLANG_WARN_DIRECT_OBJC_ISA_USAGE = YES_ERROR;
				CLANG_WARN_EMPTY_BODY = YES;
				CLANG_WARN_ENUM_CONVERSION = YES;
				CLANG_WARN_INT_CONVERSION = YES;
				CLANG_WARN_OBJC_ROOT_CLASS = YES_ERROR;
				CLANG_WARN__DUPLICATE_METHOD_MATCH = YES;
				"CODE_SIGN_IDENTITY[sdk=iphoneos*]" = "iPhone Developer";
				COPY_PHASE_STRIP = YES;
				ENABLE_NS_ASSERTIONS = NO;
				GCC_C_LANGUAGE_STANDARD = gnu99;
				GCC_WARN_64_TO_32_BIT_CONVERSION = YES;
				GCC_WARN_ABOUT_RETURN_TYPE = YES_ERROR;
				GCC_WARN_UNDECLARED_SELECTOR = YES;
				GCC_WARN_UNINITIALIZED_AUTOS = YES;
				GCC_WARN_UNUSED_FUNCTION = YES;
				GCC_WARN_UNUSED_VARIABLE = YES;
				IPHONEOS_DEPLOYMENT_TARGET = 5.0;
				LIBRARY_SEARCH_PATHS = "";
				SDKROOT = iphoneos;
				USER_HEADER_SEARCH_PATHS = "../MscX509Common/include ../MscX509Common/libraries/openssl/include";
				VALIDATE_PRODUCT = YES;
			};
			name = Release;
		};
		5881123B1883E2A700D59AEF /* Debug */ = {
			isa = XCBuildConfiguration;
			buildSettings = {
				DSTROOT = /tmp/libMscSCEP.dst;
				GCC_PRECOMPILE_PREFIX_HEADER = YES;
				GCC_PREFIX_HEADER = "src/MscSCEP-Prefix.pch";
				LIBRARY_SEARCH_PATHS = "$(inherited)";
				ONLY_ACTIVE_ARCH = NO;
				OTHER_LDFLAGS = "-ObjC";
				PRODUCT_NAME = MscSCEP;
				SKIP_INSTALL = YES;
				USER_HEADER_SEARCH_PATHS = "$(inherited)";
			};
			name = Debug;
		};
		5881123C1883E2A700D59AEF /* Release */ = {
			isa = XCBuildConfiguration;
			buildSettings = {
				DSTROOT = /tmp/libMscSCEP.dst;
				GCC_PRECOMPILE_PREFIX_HEADER = YES;
				GCC_PREFIX_HEADER = "src/MscSCEP-Prefix.pch";
				LIBRARY_SEARCH_PATHS = "$(inherited)";
				ONLY_ACTIVE_ARCH = NO;
				OTHER_LDFLAGS = "-ObjC";
				PRODUCT_NAME = MscSCEP;
				SKIP_INSTALL = YES;
				USER_HEADER_SEARCH_PATHS = "$(inherited)";
			};
			name = Release;
		};
		58F3993819599B4F00D706BB /* Debug */ = {
			isa = XCBuildConfiguration;
			buildSettings = {
				ALWAYS_SEARCH_USER_PATHS = YES;
				FRAMEWORK_SEARCH_PATHS = (
					"$(SDKROOT)/Developer/Library/Frameworks",
					"$(inherited)",
					"$(DEVELOPER_FRAMEWORKS_DIR)",
				);
				GCC_PRECOMPILE_PREFIX_HEADER = YES;
				GCC_PREFIX_HEADER = "MscSCEPTests/MscSCEPTests-Prefix.pch";
				GCC_PREPROCESSOR_DEFINITIONS = (
					"DEBUG=1",
					"$(inherited)",
				);
				GCC_WARN_UNINITIALIZED_AUTOS = YES_AGGRESSIVE;
				INFOPLIST_FILE = "MscSCEPTests/MscSCEPTests-Info.plist";
				IPHONEOS_DEPLOYMENT_TARGET = 7.0;
				LIBRARY_SEARCH_PATHS = "$(inherited)";
				OTHER_LDFLAGS = (
					"$(inherited)",
					"-framework",
					XCTest,
				);
				PRODUCT_NAME = "$(TARGET_NAME)";
				USER_HEADER_SEARCH_PATHS = "$(inherited)";
				WRAPPER_EXTENSION = xctest;
			};
			name = Debug;
		};
		58F3993919599B4F00D706BB /* Release */ = {
			isa = XCBuildConfiguration;
			buildSettings = {
				ALWAYS_SEARCH_USER_PATHS = YES;
				FRAMEWORK_SEARCH_PATHS = (
					"$(SDKROOT)/Developer/Library/Frameworks",
					"$(inherited)",
					"$(DEVELOPER_FRAMEWORKS_DIR)",
				);
				GCC_PRECOMPILE_PREFIX_HEADER = YES;
				GCC_PREFIX_HEADER = "MscSCEPTests/MscSCEPTests-Prefix.pch";
				GCC_WARN_UNINITIALIZED_AUTOS = YES_AGGRESSIVE;
				INFOPLIST_FILE = "MscSCEPTests/MscSCEPTests-Info.plist";
				IPHONEOS_DEPLOYMENT_TARGET = 7.0;
				LIBRARY_SEARCH_PATHS = "$(inherited)";
				OTHER_LDFLAGS = (
					"$(inherited)",
					"-framework",
					XCTest,
				);
				PRODUCT_NAME = "$(TARGET_NAME)";
				USER_HEADER_SEARCH_PATHS = "$(inherited)";
				WRAPPER_EXTENSION = xctest;
			};
			name = Release;
		};
/* End XCBuildConfiguration section */

/* Begin XCConfigurationList section */
		588112121883E2A700D59AEF /* Build configuration list for PBXProject "MscSCEP" */ = {
			isa = XCConfigurationList;
			buildConfigurations = (
				588112381883E2A700D59AEF /* Debug */,
				588112391883E2A700D59AEF /* Release */,
			);
			defaultConfigurationIsVisible = 0;
			defaultConfigurationName = Release;
		};
		5881123A1883E2A700D59AEF /* Build configuration list for PBXNativeTarget "MscSCEP" */ = {
			isa = XCConfigurationList;
			buildConfigurations = (
				5881123B1883E2A700D59AEF /* Debug */,
				5881123C1883E2A700D59AEF /* Release */,
			);
			defaultConfigurationIsVisible = 0;
			defaultConfigurationName = Release;
		};
		58F3993719599B4F00D706BB /* Build configuration list for PBXNativeTarget "MscSCEPTests" */ = {
			isa = XCConfigurationList;
			buildConfigurations = (
				58F3993819599B4F00D706BB /* Debug */,
				58F3993919599B4F00D706BB /* Release */,
			);
			defaultConfigurationIsVisible = 0;
			defaultConfigurationName = Release;
		};
/* End XCConfigurationList section */
	};
	rootObject = 5881120F1883E2A700D59AEF /* Project object */;
}
